
Microsoft Visual Studio Solution File, Format Version 12.00
# Visual Studio 14
VisualStudioVersion = 14.0.25420.1
MinimumVisualStudioVersion = 10.0.40219.1
Project("{FAE04EC0-301F-11D3-BF4B-00C04F79EFBC}") = "FamilyAssignment", "FamilyAssignment\FamilyAssignment\FamilyAssignment.csproj", "{86CAA5E3-B299-4175-97C8-5875DD3FDFBC}"
EndProject
Project("{FAE04EC0-301F-11D3-BF4B-00C04F79EFBC}") = "FamilyAssignment.Droid", "FamilyAssignment\FamilyAssignment.Droid\FamilyAssignment.Droid.csproj", "{67C80E8D-BE51-4B07-97BC-CB806A60467F}"
EndProject
Project("{FAE04EC0-301F-11D3-BF4B-00C04F79EFBC}") = "FamilyAssignment.iOS", "FamilyAssignment\FamilyAssignment.iOS\FamilyAssignment.iOS.csproj", "{1198E177-5749-439D-98CB-180124F3C412}"
EndProject
Project("{FAE04EC0-301F-11D3-BF4B-00C04F79EFBC}") = "FamilyAssignment.WinPhone", "FamilyAssignment\FamilyAssignment.WinPhone\FamilyAssignment.WinPhone.csproj", "{E1640308-0039-4C83-AA40-E2CC9F3462AD}"
EndProject
Project("{FAE04EC0-301F-11D3-BF4B-00C04F79EFBC}") = "FamilyAssignment.Windows", "FamilyAssignment\FamilyAssignment.Windows\FamilyAssignment.Windows.csproj", "{0707B30E-DE96-4EBF-B232-7D94E94E5208}"
EndProject
Global
	GlobalSection(SolutionConfigurationPlatforms) = preSolution
		Ad-Hoc|Any CPU = Ad-Hoc|Any CPU
		Ad-Hoc|ARM = Ad-Hoc|ARM
		Ad-Hoc|iPhone = Ad-Hoc|iPhone
		Ad-Hoc|iPhoneSimulator = Ad-Hoc|iPhoneSimulator
		Ad-Hoc|x64 = Ad-Hoc|x64
		Ad-Hoc|x86 = Ad-Hoc|x86
		AppStore|Any CPU = AppStore|Any CPU
		AppStore|ARM = AppStore|ARM
		AppStore|iPhone = AppStore|iPhone
		AppStore|iPhoneSimulator = AppStore|iPhoneSimulator
		AppStore|x64 = AppStore|x64
		AppStore|x86 = AppStore|x86
		Debug|Any CPU = Debug|Any CPU
		Debug|ARM = Debug|ARM
		Debug|iPhone = Debug|iPhone
		Debug|iPhoneSimulator = Debug|iPhoneSimulator
		Debug|x64 = Debug|x64
		Debug|x86 = Debug|x86
		Release|Any CPU = Release|Any CPU
		Release|ARM = Release|ARM
		Release|iPhone = Release|iPhone
		Release|iPhoneSimulator = Release|iPhoneSimulator
		Release|x64 = Release|x64
		Release|x86 = Release|x86
	EndGlobalSection
	GlobalSection(ProjectConfigurationPlatforms) = postSolution
		{86CAA5E3-B299-4175-97C8-5875DD3FDFBC}.Ad-Hoc|Any CPU.ActiveCfg = Release|Any CPU
		{86CAA5E3-B299-4175-97C8-5875DD3FDFBC}.Ad-Hoc|Any CPU.Build.0 = Release|Any CPU
		{86CAA5E3-B299-4175-97C8-5875DD3FDFBC}.Ad-Hoc|ARM.ActiveCfg = Release|Any CPU
		{86CAA5E3-B299-4175-97C8-5875DD3FDFBC}.Ad-Hoc|ARM.Build.0 = Release|Any CPU
		{86CAA5E3-B299-4175-97C8-5875DD3FDFBC}.Ad-Hoc|iPhone.ActiveCfg = Release|Any CPU
		{86CAA5E3-B299-4175-97C8-5875DD3FDFBC}.Ad-Hoc|iPhone.Build.0 = Release|Any CPU
		{86CAA5E3-B299-4175-97C8-5875DD3FDFBC}.Ad-Hoc|iPhoneSimulator.ActiveCfg = Release|Any CPU
		{86CAA5E3-B299-4175-97C8-5875DD3FDFBC}.Ad-Hoc|iPhoneSimulator.Build.0 = Release|Any CPU
		{86CAA5E3-B299-4175-97C8-5875DD3FDFBC}.Ad-Hoc|x64.ActiveCfg = Release|Any CPU
		{86CAA5E3-B299-4175-97C8-5875DD3FDFBC}.Ad-Hoc|x64.Build.0 = Release|Any CPU
		{86CAA5E3-B299-4175-97C8-5875DD3FDFBC}.Ad-Hoc|x86.ActiveCfg = Release|Any CPU
		{86CAA5E3-B299-4175-97C8-5875DD3FDFBC}.Ad-Hoc|x86.Build.0 = Release|Any CPU
		{86CAA5E3-B299-4175-97C8-5875DD3FDFBC}.AppStore|Any CPU.ActiveCfg = Release|Any CPU
		{86CAA5E3-B299-4175-97C8-5875DD3FDFBC}.AppStore|Any CPU.Build.0 = Release|Any CPU
		{86CAA5E3-B299-4175-97C8-5875DD3FDFBC}.AppStore|ARM.ActiveCfg = Release|Any CPU
		{86CAA5E3-B299-4175-97C8-5875DD3FDFBC}.AppStore|ARM.Build.0 = Release|Any CPU
		{86CAA5E3-B299-4175-97C8-5875DD3FDFBC}.AppStore|iPhone.ActiveCfg = Release|Any CPU
		{86CAA5E3-B299-4175-97C8-5875DD3FDFBC}.AppStore|iPhone.Build.0 = Release|Any CPU
		{86CAA5E3-B299-4175-97C8-5875DD3FDFBC}.AppStore|iPhoneSimulator.ActiveCfg = Release|Any CPU
		{86CAA5E3-B299-4175-97C8-5875DD3FDFBC}.AppStore|iPhoneSimulator.Build.0 = Release|Any CPU
		{86CAA5E3-B299-4175-97C8-5875DD3FDFBC}.AppStore|x64.ActiveCfg = Release|Any CPU
		{86CAA5E3-B299-4175-97C8-5875DD3FDFBC}.AppStore|x64.Build.0 = Release|Any CPU
		{86CAA5E3-B299-4175-97C8-5875DD3FDFBC}.AppStore|x86.ActiveCfg = Release|Any CPU
		{86CAA5E3-B299-4175-97C8-5875DD3FDFBC}.AppStore|x86.Build.0 = Release|Any CPU
		{86CAA5E3-B299-4175-97C8-5875DD3FDFBC}.Debug|Any CPU.ActiveCfg = Debug|Any CPU
		{86CAA5E3-B299-4175-97C8-5875DD3FDFBC}.Debug|Any CPU.Build.0 = Debug|Any CPU
		{86CAA5E3-B299-4175-97C8-5875DD3FDFBC}.Debug|ARM.ActiveCfg = Debug|Any CPU
		{86CAA5E3-B299-4175-97C8-5875DD3FDFBC}.Debug|ARM.Build.0 = Debug|Any CPU
		{86CAA5E3-B299-4175-97C8-5875DD3FDFBC}.Debug|iPhone.ActiveCfg = Debug|Any CPU
		{86CAA5E3-B299-4175-97C8-5875DD3FDFBC}.Debug|iPhone.Build.0 = Debug|Any CPU
		{86CAA5E3-B299-4175-97C8-5875DD3FDFBC}.Debug|iPhoneSimulator.ActiveCfg = Debug|Any CPU
		{86CAA5E3-B299-4175-97C8-5875DD3FDFBC}.Debug|iPhoneSimulator.Build.0 = Debug|Any CPU
		{86CAA5E3-B299-4175-97C8-5875DD3FDFBC}.Debug|x64.ActiveCfg = Debug|Any CPU
		{86CAA5E3-B299-4175-97C8-5875DD3FDFBC}.Debug|x64.Build.0 = Debug|Any CPU
		{86CAA5E3-B299-4175-97C8-5875DD3FDFBC}.Debug|x86.ActiveCfg = Debug|Any CPU
		{86CAA5E3-B299-4175-97C8-5875DD3FDFBC}.Debug|x86.Build.0 = Debug|Any CPU
		{86CAA5E3-B299-4175-97C8-5875DD3FDFBC}.Release|Any CPU.ActiveCfg = Release|Any CPU
		{86CAA5E3-B299-4175-97C8-5875DD3FDFBC}.Release|Any CPU.Build.0 = Release|Any CPU
		{86CAA5E3-B299-4175-97C8-5875DD3FDFBC}.Release|ARM.ActiveCfg = Release|Any CPU
		{86CAA5E3-B299-4175-97C8-5875DD3FDFBC}.Release|ARM.Build.0 = Release|Any CPU
		{86CAA5E3-B299-4175-97C8-5875DD3FDFBC}.Release|iPhone.ActiveCfg = Release|Any CPU
		{86CAA5E3-B299-4175-97C8-5875DD3FDFBC}.Release|iPhone.Build.0 = Release|Any CPU
		{86CAA5E3-B299-4175-97C8-5875DD3FDFBC}.Release|iPhoneSimulator.ActiveCfg = Release|Any CPU
		{86CAA5E3-B299-4175-97C8-5875DD3FDFBC}.Release|iPhoneSimulator.Build.0 = Release|Any CPU
		{86CAA5E3-B299-4175-97C8-5875DD3FDFBC}.Release|x64.ActiveCfg = Release|Any CPU
		{86CAA5E3-B299-4175-97C8-5875DD3FDFBC}.Release|x64.Build.0 = Release|Any CPU
		{86CAA5E3-B299-4175-97C8-5875DD3FDFBC}.Release|x86.ActiveCfg = Release|Any CPU
		{86CAA5E3-B299-4175-97C8-5875DD3FDFBC}.Release|x86.Build.0 = Release|Any CPU
		{67C80E8D-BE51-4B07-97BC-CB806A60467F}.Ad-Hoc|Any CPU.ActiveCfg = Release|Any CPU
		{67C80E8D-BE51-4B07-97BC-CB806A60467F}.Ad-Hoc|Any CPU.Build.0 = Release|Any CPU
		{67C80E8D-BE51-4B07-97BC-CB806A60467F}.Ad-Hoc|Any CPU.Deploy.0 = Release|Any CPU
		{67C80E8D-BE51-4B07-97BC-CB806A60467F}.Ad-Hoc|ARM.ActiveCfg = Release|Any CPU
		{67C80E8D-BE51-4B07-97BC-CB806A60467F}.Ad-Hoc|ARM.Build.0 = Release|Any CPU
		{67C80E8D-BE51-4B07-97BC-CB806A60467F}.Ad-Hoc|ARM.Deploy.0 = Release|Any CPU
		{67C80E8D-BE51-4B07-97BC-CB806A60467F}.Ad-Hoc|iPhone.ActiveCfg = Release|Any CPU
		{67C80E8D-BE51-4B07-97BC-CB806A60467F}.Ad-Hoc|iPhone.Build.0 = Release|Any CPU
		{67C80E8D-BE51-4B07-97BC-CB806A60467F}.Ad-Hoc|iPhone.Deploy.0 = Release|Any CPU
		{67C80E8D-BE51-4B07-97BC-CB806A60467F}.Ad-Hoc|iPhoneSimulator.ActiveCfg = Release|Any CPU
		{67C80E8D-BE51-4B07-97BC-CB806A60467F}.Ad-Hoc|iPhoneSimulator.Build.0 = Release|Any CPU
		{67C80E8D-BE51-4B07-97BC-CB806A60467F}.Ad-Hoc|iPhoneSimulator.Deploy.0 = Release|Any CPU
		{67C80E8D-BE51-4B07-97BC-CB806A60467F}.Ad-Hoc|x64.ActiveCfg = Release|Any CPU
		{67C80E8D-BE51-4B07-97BC-CB806A60467F}.Ad-Hoc|x64.Build.0 = Release|Any CPU
		{67C80E8D-BE51-4B07-97BC-CB806A60467F}.Ad-Hoc|x64.Deploy.0 = Release|Any CPU
		{67C80E8D-BE51-4B07-97BC-CB806A60467F}.Ad-Hoc|x86.ActiveCfg = Release|Any CPU
		{67C80E8D-BE51-4B07-97BC-CB806A60467F}.Ad-Hoc|x86.Build.0 = Release|Any CPU
		{67C80E8D-BE51-4B07-97BC-CB806A60467F}.Ad-Hoc|x86.Deploy.0 = Release|Any CPU
		{67C80E8D-BE51-4B07-97BC-CB806A60467F}.AppStore|Any CPU.ActiveCfg = Release|Any CPU
		{67C80E8D-BE51-4B07-97BC-CB806A60467F}.AppStore|Any CPU.Build.0 = Release|Any CPU
		{67C80E8D-BE51-4B07-97BC-CB806A60467F}.AppStore|Any CPU.Deploy.0 = Release|Any CPU
		{67C80E8D-BE51-4B07-97BC-CB806A60467F}.AppStore|ARM.ActiveCfg = Release|Any CPU
		{67C80E8D-BE51-4B07-97BC-CB806A60467F}.AppStore|ARM.Build.0 = Release|Any CPU
		{67C80E8D-BE51-4B07-97BC-CB806A60467F}.AppStore|ARM.Deploy.0 = Release|Any CPU
		{67C80E8D-BE51-4B07-97BC-CB806A60467F}.AppStore|iPhone.ActiveCfg = Release|Any CPU
		{67C80E8D-BE51-4B07-97BC-CB806A60467F}.AppStore|iPhone.Build.0 = Release|Any CPU
		{67C80E8D-BE51-4B07-97BC-CB806A60467F}.AppStore|iPhone.Deploy.0 = Release|Any CPU
		{67C80E8D-BE51-4B07-97BC-CB806A60467F}.AppStore|iPhoneSimulator.ActiveCfg = Release|Any CPU
		{67C80E8D-BE51-4B07-97BC-CB806A60467F}.AppStore|iPhoneSimulator.Build.0 = Release|Any CPU
		{67C80E8D-BE51-4B07-97BC-CB806A60467F}.AppStore|iPhoneSimulator.Deploy.0 = Release|Any CPU
		{67C80E8D-BE51-4B07-97BC-CB806A60467F}.AppStore|x64.ActiveCfg = Release|Any CPU
		{67C80E8D-BE51-4B07-97BC-CB806A60467F}.AppStore|x64.Build.0 = Release|Any CPU
		{67C80E8D-BE51-4B07-97BC-CB806A60467F}.AppStore|x64.Deploy.0 = Release|Any CPU
		{67C80E8D-BE51-4B07-97BC-CB806A60467F}.AppStore|x86.ActiveCfg = Release|Any CPU
		{67C80E8D-BE51-4B07-97BC-CB806A60467F}.AppStore|x86.Build.0 = Release|Any CPU
		{67C80E8D-BE51-4B07-97BC-CB806A60467F}.AppStore|x86.Deploy.0 = Release|Any CPU
		{67C80E8D-BE51-4B07-97BC-CB806A60467F}.Debug|Any CPU.ActiveCfg = Debug|Any CPU
		{67C80E8D-BE51-4B07-97BC-CB806A60467F}.Debug|Any CPU.Build.0 = Debug|Any CPU
		{67C80E8D-BE51-4B07-97BC-CB806A60467F}.Debug|Any CPU.Deploy.0 = Debug|Any CPU
		{67C80E8D-BE51-4B07-97BC-CB806A60467F}.Debug|ARM.ActiveCfg = Debug|Any CPU
		{67C80E8D-BE51-4B07-97BC-CB806A60467F}.Debug|ARM.Build.0 = Debug|Any CPU
		{67C80E8D-BE51-4B07-97BC-CB806A60467F}.Debug|ARM.Deploy.0 = Debug|Any CPU
		{67C80E8D-BE51-4B07-97BC-CB806A60467F}.Debug|iPhone.ActiveCfg = Debug|Any CPU
		{67C80E8D-BE51-4B07-97BC-CB806A60467F}.Debug|iPhone.Build.0 = Debug|Any CPU
		{67C80E8D-BE51-4B07-97BC-CB806A60467F}.Debug|iPhone.Deploy.0 = Debug|Any CPU
		{67C80E8D-BE51-4B07-97BC-CB806A60467F}.Debug|iPhoneSimulator.ActiveCfg = Debug|Any CPU
		{67C80E8D-BE51-4B07-97BC-CB806A60467F}.Debug|iPhoneSimulator.Build.0 = Debug|Any CPU
		{67C80E8D-BE51-4B07-97BC-CB806A60467F}.Debug|iPhoneSimulator.Deploy.0 = Debug|Any CPU
		{67C80E8D-BE51-4B07-97BC-CB806A60467F}.Debug|x64.ActiveCfg = Debug|Any CPU
		{67C80E8D-BE51-4B07-97BC-CB806A60467F}.Debug|x64.Build.0 = Debug|Any CPU
		{67C80E8D-BE51-4B07-97BC-CB806A60467F}.Debug|x64.Deploy.0 = Debug|Any CPU
		{67C80E8D-BE51-4B07-97BC-CB806A60467F}.Debug|x86.ActiveCfg = Debug|Any CPU
		{67C80E8D-BE51-4B07-97BC-CB806A60467F}.Debug|x86.Build.0 = Debug|Any CPU
		{67C80E8D-BE51-4B07-97BC-CB806A60467F}.Debug|x86.Deploy.0 = Debug|Any CPU
		{67C80E8D-BE51-4B07-97BC-CB806A60467F}.Release|Any CPU.ActiveCfg = Release|Any CPU
		{67C80E8D-BE51-4B07-97BC-CB806A60467F}.Release|Any CPU.Build.0 = Release|Any CPU
		{67C80E8D-BE51-4B07-97BC-CB806A60467F}.Release|Any CPU.Deploy.0 = Release|Any CPU
		{67C80E8D-BE51-4B07-97BC-CB806A60467F}.Release|ARM.ActiveCfg = Release|Any CPU
		{67C80E8D-BE51-4B07-97BC-CB806A60467F}.Release|ARM.Build.0 = Release|Any CPU
		{67C80E8D-BE51-4B07-97BC-CB806A60467F}.Release|ARM.Deploy.0 = Release|Any CPU
		{67C80E8D-BE51-4B07-97BC-CB806A60467F}.Release|iPhone.ActiveCfg = Release|Any CPU
		{67C80E8D-BE51-4B07-97BC-CB806A60467F}.Release|iPhone.Build.0 = Release|Any CPU
		{67C80E8D-BE51-4B07-97BC-CB806A60467F}.Release|iPhone.Deploy.0 = Release|Any CPU
		{67C80E8D-BE51-4B07-97BC-CB806A60467F}.Release|iPhoneSimulator.ActiveCfg = Release|Any CPU
		{67C80E8D-BE51-4B07-97BC-CB806A60467F}.Release|iPhoneSimulator.Build.0 = Release|Any CPU
		{67C80E8D-BE51-4B07-97BC-CB806A60467F}.Release|iPhoneSimulator.Deploy.0 = Release|Any CPU
		{67C80E8D-BE51-4B07-97BC-CB806A60467F}.Release|x64.ActiveCfg = Release|Any CPU
		{67C80E8D-BE51-4B07-97BC-CB806A60467F}.Release|x64.Build.0 = Release|Any CPU
		{67C80E8D-BE51-4B07-97BC-CB806A60467F}.Release|x64.Deploy.0 = Release|Any CPU
		{67C80E8D-BE51-4B07-97BC-CB806A60467F}.Release|x86.ActiveCfg = Release|Any CPU
		{67C80E8D-BE51-4B07-97BC-CB806A60467F}.Release|x86.Build.0 = Release|Any CPU
		{67C80E8D-BE51-4B07-97BC-CB806A60467F}.Release|x86.Deploy.0 = Release|Any CPU
		{1198E177-5749-439D-98CB-180124F3C412}.Ad-Hoc|Any CPU.ActiveCfg = Ad-Hoc|iPhone
		{1198E177-5749-439D-98CB-180124F3C412}.Ad-Hoc|ARM.ActiveCfg = Ad-Hoc|iPhone
		{1198E177-5749-439D-98CB-180124F3C412}.Ad-Hoc|iPhone.ActiveCfg = Ad-Hoc|iPhone
		{1198E177-5749-439D-98CB-180124F3C412}.Ad-Hoc|iPhone.Build.0 = Ad-Hoc|iPhone
		{1198E177-5749-439D-98CB-180124F3C412}.Ad-Hoc|iPhoneSimulator.ActiveCfg = Ad-Hoc|iPhoneSimulator
		{1198E177-5749-439D-98CB-180124F3C412}.Ad-Hoc|iPhoneSimulator.Build.0 = Ad-Hoc|iPhoneSimulator
		{1198E177-5749-439D-98CB-180124F3C412}.Ad-Hoc|x64.ActiveCfg = Ad-Hoc|iPhone
		{1198E177-5749-439D-98CB-180124F3C412}.Ad-Hoc|x86.ActiveCfg = Ad-Hoc|iPhone
		{1198E177-5749-439D-98CB-180124F3C412}.AppStore|Any CPU.ActiveCfg = AppStore|iPhone
		{1198E177-5749-439D-98CB-180124F3C412}.AppStore|ARM.ActiveCfg = AppStore|iPhone
		{1198E177-5749-439D-98CB-180124F3C412}.AppStore|iPhone.ActiveCfg = AppStore|iPhone
		{1198E177-5749-439D-98CB-180124F3C412}.AppStore|iPhone.Build.0 = AppStore|iPhone
		{1198E177-5749-439D-98CB-180124F3C412}.AppStore|iPhoneSimulator.ActiveCfg = AppStore|iPhoneSimulator
		{1198E177-5749-439D-98CB-180124F3C412}.AppStore|iPhoneSimulator.Build.0 = AppStore|iPhoneSimulator
		{1198E177-5749-439D-98CB-180124F3C412}.AppStore|x64.ActiveCfg = AppStore|iPhone
		{1198E177-5749-439D-98CB-180124F3C412}.AppStore|x86.ActiveCfg = AppStore|iPhone
		{1198E177-5749-439D-98CB-180124F3C412}.Debug|Any CPU.ActiveCfg = Debug|iPhone
		{1198E177-5749-439D-98CB-180124F3C412}.Debug|ARM.ActiveCfg = Debug|iPhone
		{1198E177-5749-439D-98CB-180124F3C412}.Debug|iPhone.ActiveCfg = Debug|iPhone
		{1198E177-5749-439D-98CB-180124F3C412}.Debug|iPhone.Build.0 = Debug|iPhone
		{1198E177-5749-439D-98CB-180124F3C412}.Debug|iPhoneSimulator.ActiveCfg = Debug|iPhoneSimulator
		{1198E177-5749-439D-98CB-180124F3C412}.Debug|iPhoneSimulator.Build.0 = Debug|iPhoneSimulator
		{1198E177-5749-439D-98CB-180124F3C412}.Debug|x64.ActiveCfg = Debug|iPhone
		{1198E177-5749-439D-98CB-180124F3C412}.Debug|x86.ActiveCfg = Debug|iPhone
		{1198E177-5749-439D-98CB-180124F3C412}.Release|Any CPU.ActiveCfg = Release|iPhone
		{1198E177-5749-439D-98CB-180124F3C412}.Release|ARM.ActiveCfg = Release|iPhone
		{1198E177-5749-439D-98CB-180124F3C412}.Release|iPhone.ActiveCfg = Release|iPhone
		{1198E177-5749-439D-98CB-180124F3C412}.Release|iPhone.Build.0 = Release|iPhone
		{1198E177-5749-439D-98CB-180124F3C412}.Release|iPhoneSimulator.ActiveCfg = Release|iPhoneSimulator
		{1198E177-5749-439D-98CB-180124F3C412}.Release|iPhoneSimulator.Build.0 = Release|iPhoneSimulator
		{1198E177-5749-439D-98CB-180124F3C412}.Release|x64.ActiveCfg = Release|iPhone
		{1198E177-5749-439D-98CB-180124F3C412}.Release|x86.ActiveCfg = Release|iPhone
		{E1640308-0039-4C83-AA40-E2CC9F3462AD}.Ad-Hoc|Any CPU.ActiveCfg = Release|Any CPU
		{E1640308-0039-4C83-AA40-E2CC9F3462AD}.Ad-Hoc|Any CPU.Build.0 = Release|Any CPU
		{E1640308-0039-4C83-AA40-E2CC9F3462AD}.Ad-Hoc|Any CPU.Deploy.0 = Release|Any CPU
		{E1640308-0039-4C83-AA40-E2CC9F3462AD}.Ad-Hoc|ARM.ActiveCfg = Release|ARM
		{E1640308-0039-4C83-AA40-E2CC9F3462AD}.Ad-Hoc|ARM.Build.0 = Release|ARM
		{E1640308-0039-4C83-AA40-E2CC9F3462AD}.Ad-Hoc|ARM.Deploy.0 = Release|ARM
		{E1640308-0039-4C83-AA40-E2CC9F3462AD}.Ad-Hoc|iPhone.ActiveCfg = Release|Any CPU
		{E1640308-0039-4C83-AA40-E2CC9F3462AD}.Ad-Hoc|iPhone.Build.0 = Release|Any CPU
		{E1640308-0039-4C83-AA40-E2CC9F3462AD}.Ad-Hoc|iPhone.Deploy.0 = Release|Any CPU
		{E1640308-0039-4C83-AA40-E2CC9F3462AD}.Ad-Hoc|iPhoneSimulator.ActiveCfg = Release|Any CPU
		{E1640308-0039-4C83-AA40-E2CC9F3462AD}.Ad-Hoc|iPhoneSimulator.Build.0 = Release|Any CPU
		{E1640308-0039-4C83-AA40-E2CC9F3462AD}.Ad-Hoc|iPhoneSimulator.Deploy.0 = Release|Any CPU
		{E1640308-0039-4C83-AA40-E2CC9F3462AD}.Ad-Hoc|x64.ActiveCfg = Release|Any CPU
		{E1640308-0039-4C83-AA40-E2CC9F3462AD}.Ad-Hoc|x64.Build.0 = Release|Any CPU
		{E1640308-0039-4C83-AA40-E2CC9F3462AD}.Ad-Hoc|x64.Deploy.0 = Release|Any CPU
		{E1640308-0039-4C83-AA40-E2CC9F3462AD}.Ad-Hoc|x86.ActiveCfg = Release|x86
		{E1640308-0039-4C83-AA40-E2CC9F3462AD}.Ad-Hoc|x86.Build.0 = Release|x86
		{E1640308-0039-4C83-AA40-E2CC9F3462AD}.Ad-Hoc|x86.Deploy.0 = Release|x86
		{E1640308-0039-4C83-AA40-E2CC9F3462AD}.AppStore|Any CPU.ActiveCfg = Release|Any CPU
		{E1640308-0039-4C83-AA40-E2CC9F3462AD}.AppStore|Any CPU.Build.0 = Release|Any CPU
		{E1640308-0039-4C83-AA40-E2CC9F3462AD}.AppStore|Any CPU.Deploy.0 = Release|Any CPU
		{E1640308-0039-4C83-AA40-E2CC9F3462AD}.AppStore|ARM.ActiveCfg = Release|ARM
		{E1640308-0039-4C83-AA40-E2CC9F3462AD}.AppStore|ARM.Build.0 = Release|ARM
		{E1640308-0039-4C83-AA40-E2CC9F3462AD}.AppStore|ARM.Deploy.0 = Release|ARM
		{E1640308-0039-4C83-AA40-E2CC9F3462AD}.AppStore|iPhone.ActiveCfg = Release|Any CPU
		{E1640308-0039-4C83-AA40-E2CC9F3462AD}.AppStore|iPhone.Build.0 = Release|Any CPU
		{E1640308-0039-4C83-AA40-E2CC9F3462AD}.AppStore|iPhone.Deploy.0 = Release|Any CPU
		{E1640308-0039-4C83-AA40-E2CC9F3462AD}.AppStore|iPhoneSimulator.ActiveCfg = Release|Any CPU
		{E1640308-0039-4C83-AA40-E2CC9F3462AD}.AppStore|iPhoneSimulator.Build.0 = Release|Any CPU
		{E1640308-0039-4C83-AA40-E2CC9F3462AD}.AppStore|iPhoneSimulator.Deploy.0 = Release|Any CPU
		{E1640308-0039-4C83-AA40-E2CC9F3462AD}.AppStore|x64.ActiveCfg = Release|Any CPU
		{E1640308-0039-4C83-AA40-E2CC9F3462AD}.AppStore|x64.Build.0 = Release|Any CPU
		{E1640308-0039-4C83-AA40-E2CC9F3462AD}.AppStore|x64.Deploy.0 = Release|Any CPU
		{E1640308-0039-4C83-AA40-E2CC9F3462AD}.AppStore|x86.ActiveCfg = Release|x86
		{E1640308-0039-4C83-AA40-E2CC9F3462AD}.AppStore|x86.Build.0 = Release|x86
		{E1640308-0039-4C83-AA40-E2CC9F3462AD}.AppStore|x86.Deploy.0 = Release|x86
		{E1640308-0039-4C83-AA40-E2CC9F3462AD}.Debug|Any CPU.ActiveCfg = Debug|Any CPU
		{E1640308-0039-4C83-AA40-E2CC9F3462AD}.Debug|Any CPU.Build.0 = Debug|Any CPU
		{E1640308-0039-4C83-AA40-E2CC9F3462AD}.Debug|Any CPU.Deploy.0 = Debug|Any CPU
		{E1640308-0039-4C83-AA40-E2CC9F3462AD}.Debug|ARM.ActiveCfg = Debug|ARM
		{E1640308-0039-4C83-AA40-E2CC9F3462AD}.Debug|ARM.Build.0 = Debug|ARM
		{E1640308-0039-4C83-AA40-E2CC9F3462AD}.Debug|ARM.Deploy.0 = Debug|ARM
		{E1640308-0039-4C83-AA40-E2CC9F3462AD}.Debug|iPhone.ActiveCfg = Debug|Any CPU
		{E1640308-0039-4C83-AA40-E2CC9F3462AD}.Debug|iPhone.Build.0 = Debug|Any CPU
		{E1640308-0039-4C83-AA40-E2CC9F3462AD}.Debug|iPhone.Deploy.0 = Debug|Any CPU
		{E1640308-0039-4C83-AA40-E2CC9F3462AD}.Debug|iPhoneSimulator.ActiveCfg = Debug|Any CPU
		{E1640308-0039-4C83-AA40-E2CC9F3462AD}.Debug|iPhoneSimulator.Build.0 = Debug|Any CPU
		{E1640308-0039-4C83-AA40-E2CC9F3462AD}.Debug|iPhoneSimulator.Deploy.0 = Debug|Any CPU
		{E1640308-0039-4C83-AA40-E2CC9F3462AD}.Debug|x64.ActiveCfg = Debug|Any CPU
		{E1640308-0039-4C83-AA40-E2CC9F3462AD}.Debug|x64.Build.0 = Debug|Any CPU
		{E1640308-0039-4C83-AA40-E2CC9F3462AD}.Debug|x64.Deploy.0 = Debug|Any CPU
		{E1640308-0039-4C83-AA40-E2CC9F3462AD}.Debug|x86.ActiveCfg = Debug|x86
		{E1640308-0039-4C83-AA40-E2CC9F3462AD}.Debug|x86.Build.0 = Debug|x86
		{E1640308-0039-4C83-AA40-E2CC9F3462AD}.Debug|x86.Deploy.0 = Debug|x86
		{E1640308-0039-4C83-AA40-E2CC9F3462AD}.Release|Any CPU.ActiveCfg = Release|Any CPU
		{E1640308-0039-4C83-AA40-E2CC9F3462AD}.Release|Any CPU.Build.0 = Release|Any CPU
		{E1640308-0039-4C83-AA40-E2CC9F3462AD}.Release|Any CPU.Deploy.0 = Release|Any CPU
		{E1640308-0039-4C83-AA40-E2CC9F3462AD}.Release|ARM.ActiveCfg = Release|ARM
		{E1640308-0039-4C83-AA40-E2CC9F3462AD}.Release|ARM.Build.0 = Release|ARM
		{E1640308-0039-4C83-AA40-E2CC9F3462AD}.Release|ARM.Deploy.0 = Release|ARM
		{E1640308-0039-4C83-AA40-E2CC9F3462AD}.Release|iPhone.ActiveCfg = Release|Any CPU
		{E1640308-0039-4C83-AA40-E2CC9F3462AD}.Release|iPhone.Build.0 = Release|Any CPU
		{E1640308-0039-4C83-AA40-E2CC9F3462AD}.Release|iPhone.Deploy.0 = Release|Any CPU
		{E1640308-0039-4C83-AA40-E2CC9F3462AD}.Release|iPhoneSimulator.ActiveCfg = Release|Any CPU
		{E1640308-0039-4C83-AA40-E2CC9F3462AD}.Release|iPhoneSimulator.Build.0 = Release|Any CPU
		{E1640308-0039-4C83-AA40-E2CC9F3462AD}.Release|iPhoneSimulator.Deploy.0 = Release|Any CPU
		{E1640308-0039-4C83-AA40-E2CC9F3462AD}.Release|x64.ActiveCfg = Release|Any CPU
		{E1640308-0039-4C83-AA40-E2CC9F3462AD}.Release|x64.Build.0 = Release|Any CPU
		{E1640308-0039-4C83-AA40-E2CC9F3462AD}.Release|x64.Deploy.0 = Release|Any CPU
		{E1640308-0039-4C83-AA40-E2CC9F3462AD}.Release|x86.ActiveCfg = Release|x86
		{E1640308-0039-4C83-AA40-E2CC9F3462AD}.Release|x86.Build.0 = Release|x86
		{E1640308-0039-4C83-AA40-E2CC9F3462AD}.Release|x86.Deploy.0 = Release|x86
		{0707B30E-DE96-4EBF-B232-7D94E94E5208}.Ad-Hoc|Any CPU.ActiveCfg = Release|Any CPU
		{0707B30E-DE96-4EBF-B232-7D94E94E5208}.Ad-Hoc|Any CPU.Build.0 = Release|Any CPU
		{0707B30E-DE96-4EBF-B232-7D94E94E5208}.Ad-Hoc|Any CPU.Deploy.0 = Release|Any CPU
		{0707B30E-DE96-4EBF-B232-7D94E94E5208}.Ad-Hoc|ARM.ActiveCfg = Release|ARM
		{0707B30E-DE96-4EBF-B232-7D94E94E5208}.Ad-Hoc|ARM.Build.0 = Release|ARM
		{0707B30E-DE96-4EBF-B232-7D94E94E5208}.Ad-Hoc|ARM.Deploy.0 = Release|ARM
		{0707B30E-DE96-4EBF-B232-7D94E94E5208}.Ad-Hoc|iPhone.ActiveCfg = Release|Any CPU
		{0707B30E-DE96-4EBF-B232-7D94E94E5208}.Ad-Hoc|iPhone.Build.0 = Release|Any CPU
		{0707B30E-DE96-4EBF-B232-7D94E94E5208}.Ad-Hoc|iPhone.Deploy.0 = Release|Any CPU
		{0707B30E-DE96-4EBF-B232-7D94E94E5208}.Ad-Hoc|iPhoneSimulator.ActiveCfg = Release|Any CPU
		{0707B30E-DE96-4EBF-B232-7D94E94E5208}.Ad-Hoc|iPhoneSimulator.Build.0 = Release|Any CPU
		{0707B30E-DE96-4EBF-B232-7D94E94E5208}.Ad-Hoc|iPhoneSimulator.Deploy.0 = Release|Any CPU
		{0707B30E-DE96-4EBF-B232-7D94E94E5208}.Ad-Hoc|x64.ActiveCfg = Release|x64
		{0707B30E-DE96-4EBF-B232-7D94E94E5208}.Ad-Hoc|x64.Build.0 = Release|x64
		{0707B30E-DE96-4EBF-B232-7D94E94E5208}.Ad-Hoc|x64.Deploy.0 = Release|x64
		{0707B30E-DE96-4EBF-B232-7D94E94E5208}.Ad-Hoc|x86.ActiveCfg = Release|x86
		{0707B30E-DE96-4EBF-B232-7D94E94E5208}.Ad-Hoc|x86.Build.0 = Release|x86
		{0707B30E-DE96-4EBF-B232-7D94E94E5208}.Ad-Hoc|x86.Deploy.0 = Release|x86
		{0707B30E-DE96-4EBF-B232-7D94E94E5208}.AppStore|Any CPU.ActiveCfg = Release|Any CPU
		{0707B30E-DE96-4EBF-B232-7D94E94E5208}.AppStore|Any CPU.Build.0 = Release|Any CPU
		{0707B30E-DE96-4EBF-B232-7D94E94E5208}.AppStore|Any CPU.Deploy.0 = Release|Any CPU
		{0707B30E-DE96-4EBF-B232-7D94E94E5208}.AppStore|ARM.ActiveCfg = Release|ARM
		{0707B30E-DE96-4EBF-B232-7D94E94E5208}.AppStore|ARM.Build.0 = Release|ARM
		{0707B30E-DE96-4EBF-B232-7D94E94E5208}.AppStore|ARM.Deploy.0 = Release|ARM
		{0707B30E-DE96-4EBF-B232-7D94E94E5208}.AppStore|iPhone.ActiveCfg = Release|Any CPU
		{0707B30E-DE96-4EBF-B232-7D94E94E5208}.AppStore|iPhone.Build.0 = Release|Any CPU
		{0707B30E-DE96-4EBF-B232-7D94E94E5208}.AppStore|iPhone.Deploy.0 = Release|Any CPU
		{0707B30E-DE96-4EBF-B232-7D94E94E5208}.AppStore|iPhoneSimulator.ActiveCfg = Release|Any CPU
		{0707B30E-DE96-4EBF-B232-7D94E94E5208}.AppStore|iPhoneSimulator.Build.0 = Release|Any CPU
		{0707B30E-DE96-4EBF-B232-7D94E94E5208}.AppStore|iPhoneSimulator.Deploy.0 = Release|Any CPU
		{0707B30E-DE96-4EBF-B232-7D94E94E5208}.AppStore|x64.ActiveCfg = Release|x64
		{0707B30E-DE96-4EBF-B232-7D94E94E5208}.AppStore|x64.Build.0 = Release|x64
		{0707B30E-DE96-4EBF-B232-7D94E94E5208}.AppStore|x64.Deploy.0 = Release|x64
		{0707B30E-DE96-4EBF-B232-7D94E94E5208}.AppStore|x86.ActiveCfg = Release|x86
		{0707B30E-DE96-4EBF-B232-7D94E94E5208}.AppStore|x86.Build.0 = Release|x86
		{0707B30E-DE96-4EBF-B232-7D94E94E5208}.AppStore|x86.Deploy.0 = Release|x86
		{0707B30E-DE96-4EBF-B232-7D94E94E5208}.Debug|Any CPU.ActiveCfg = Debug|Any CPU
		{0707B30E-DE96-4EBF-B232-7D94E94E5208}.Debug|Any CPU.Build.0 = Debug|Any CPU
		{0707B30E-DE96-4EBF-B232-7D94E94E5208}.Debug|Any CPU.Deploy.0 = Debug|Any CPU
		{0707B30E-DE96-4EBF-B232-7D94E94E5208}.Debug|ARM.ActiveCfg = Debug|ARM
		{0707B30E-DE96-4EBF-B232-7D94E94E5208}.Debug|ARM.Build.0 = Debug|ARM
		{0707B30E-DE96-4EBF-B232-7D94E94E5208}.Debug|ARM.Deploy.0 = Debug|ARM
		{0707B30E-DE96-4EBF-B232-7D94E94E5208}.Debug|iPhone.ActiveCfg = Debug|Any CPU
		{0707B30E-DE96-4EBF-B232-7D94E94E5208}.Debug|iPhone.Build.0 = Debug|Any CPU
		{0707B30E-DE96-4EBF-B232-7D94E94E5208}.Debug|iPhone.Deploy.0 = Debug|Any CPU
		{0707B30E-DE96-4EBF-B232-7D94E94E5208}.Debug|iPhoneSimulator.ActiveCfg = Debug|Any CPU
		{0707B30E-DE96-4EBF-B232-7D94E94E5208}.Debug|iPhoneSimulator.Build.0 = Debug|Any CPU
		{0707B30E-DE96-4EBF-B232-7D94E94E5208}.Debug|iPhoneSimulator.Deploy.0 = Debug|Any CPU
		{0707B30E-DE96-4EBF-B232-7D94E94E5208}.Debug|x64.ActiveCfg = Debug|x64
		{0707B30E-DE96-4EBF-B232-7D94E94E5208}.Debug|x64.Build.0 = Debug|x64
		{0707B30E-DE96-4EBF-B232-7D94E94E5208}.Debug|x64.Deploy.0 = Debug|x64
		{0707B30E-DE96-4EBF-B232-7D94E94E5208}.Debug|x86.ActiveCfg = Debug|x86
		{0707B30E-DE96-4EBF-B232-7D94E94E5208}.Debug|x86.Build.0 = Debug|x86
		{0707B30E-DE96-4EBF-B232-7D94E94E5208}.Debug|x86.Deploy.0 = Debug|x86
		{0707B30E-DE96-4EBF-B232-7D94E94E5208}.Release|Any CPU.ActiveCfg = Release|Any CPU
		{0707B30E-DE96-4EBF-B232-7D94E94E5208}.Release|Any CPU.Build.0 = Release|Any CPU
		{0707B30E-DE96-4EBF-B232-7D94E94E5208}.Release|Any CPU.Deploy.0 = Release|Any CPU
		{0707B30E-DE96-4EBF-B232-7D94E94E5208}.Release|ARM.ActiveCfg = Release|ARM
		{0707B30E-DE96-4EBF-B232-7D94E94E5208}.Release|ARM.Build.0 = Release|ARM
		{0707B30E-DE96-4EBF-B232-7D94E94E5208}.Release|ARM.Deploy.0 = Release|ARM
		{0707B30E-DE96-4EBF-B232-7D94E94E5208}.Release|iPhone.ActiveCfg = Release|Any CPU
		{0707B30E-DE96-4EBF-B232-7D94E94E5208}.Release|iPhone.Build.0 = Release|Any CPU
		{0707B30E-DE96-4EBF-B232-7D94E94E5208}.Release|iPhone.Deploy.0 = Release|Any CPU
		{0707B30E-DE96-4EBF-B232-7D94E94E5208}.Release|iPhoneSimulator.ActiveCfg = Release|Any CPU
		{0707B30E-DE96-4EBF-B232-7D94E94E5208}.Release|iPhoneSimulator.Build.0 = Release|Any CPU
		{0707B30E-DE96-4EBF-B232-7D94E94E5208}.Release|iPhoneSimulator.Deploy.0 = Release|Any CPU
		{0707B30E-DE96-4EBF-B232-7D94E94E5208}.Release|x64.ActiveCfg = Release|x64
		{0707B30E-DE96-4EBF-B232-7D94E94E5208}.Release|x64.Build.0 = Release|x64
		{0707B30E-DE96-4EBF-B232-7D94E94E5208}.Release|x64.Deploy.0 = Release|x64
		{0707B30E-DE96-4EBF-B232-7D94E94E5208}.Release|x86.ActiveCfg = Release|x86
		{0707B30E-DE96-4EBF-B232-7D94E94E5208}.Release|x86.Build.0 = Release|x86
		{0707B30E-DE96-4EBF-B232-7D94E94E5208}.Release|x86.Deploy.0 = Release|x86
	EndGlobalSection
	GlobalSection(SolutionProperties) = preSolution
		HideSolutionNode = FALSE
	EndGlobalSection
EndGlobal
